
Microsoft Visual Studio Solution File, Format Version 12.00
# Visual Studio Version 16
VisualStudioVersion = 16.0.31112.23
MinimumVisualStudioVersion = 10.0.40219.1
Project("{FAE04EC0-301F-11D3-BF4B-00C04F79EFBC}") = "mcg_load", "mcg_load.csproj", "{99794205-3000-46EB-8998-CBFC2DFCD9EC}"
EndProject
Global
	GlobalSection(SolutionConfigurationPlatforms) = preSolution
		Debug|Any CPU = Debug|Any CPU
		Release|Any CPU = Release|Any CPU
	EndGlobalSection
	GlobalSection(ProjectConfigurationPlatforms) = postSolution
		{99794205-3000-46EB-8998-CBFC2DFCD9EC}.Debug|Any CPU.ActiveCfg = Debug|Any CPU
		{99794205-3000-46EB-8998-CBFC2DFCD9EC}.Debug|Any CPU.Build.0 = Debug|Any CPU
		{99794205-3000-46EB-8998-CBFC2DFCD9EC}.Release|Any CPU.ActiveCfg = Release|Any CPU
		{99794205-3000-46EB-8998-CBFC2DFCD9EC}.Release|Any CPU.Build.0 = Release|Any CPU
	EndGlobalSection
	GlobalSection(SolutionProperties) = preSolution
		HideSolutionNode = FALSE
	EndGlobalSection
	GlobalSection(ExtensibilityGlobals) = postSolution
		SolutionGuid = {CD059326-42DA-455D-91FA-6BA1D01156DA}
	EndGlobalSection
EndGlobal
